
Microsoft Visual Studio Solution File, Format Version 12.00
# Visual Studio Version 17
VisualStudioVersion = 17.3.32901.215
MinimumVisualStudioVersion = 10.0.40219.1
Project("{FAE04EC0-301F-11D3-BF4B-00C04F79EFBC}") = "PokemonReviewSystem", "PokemonReviewSystem.csproj", "{F964D1C6-9574-411D-872C-F6FC85B1B390}"
EndProject
Global
	GlobalSection(SolutionConfigurationPlatforms) = preSolution
		Debug|Any CPU = Debug|Any CPU
		Release|Any CPU = Release|Any CPU
	EndGlobalSection
	GlobalSection(ProjectConfigurationPlatforms) = postSolution
		{F964D1C6-9574-411D-872C-F6FC85B1B390}.Debug|Any CPU.ActiveCfg = Debug|Any CPU
		{F964D1C6-9574-411D-872C-F6FC85B1B390}.Debug|Any CPU.Build.0 = Debug|Any CPU
		{F964D1C6-9574-411D-872C-F6FC85B1B390}.Release|Any CPU.ActiveCfg = Release|Any CPU
		{F964D1C6-9574-411D-872C-F6FC85B1B390}.Release|Any CPU.Build.0 = Release|Any CPU
	EndGlobalSection
	GlobalSection(SolutionProperties) = preSolution
		HideSolutionNode = FALSE
	EndGlobalSection
	GlobalSection(ExtensibilityGlobals) = postSolution
		SolutionGuid = {84D75C05-2415-479B-9F88-5F3104333EBE}
	EndGlobalSection
EndGlobal
